Microsoft Visual Studio Solution File, Format Version 12.00
# Visual Studio Version 17
VisualStudioVersion = 17.0.31903.59
MinimumVisualStudioVersion = 10.0.40219.1
Project("{2150E333-8FDC-42A3-9474-1A3956D46DE8}") = "src", "src", "{430C3F51-F7D9-4677-9994-BA6EABAA6C38}"
EndProject
Project("{2150E333-8FDC-42A3-9474-1A3956D46DE8}") = "test", "test", "{7420877A-8C4F-48A4-87A6-9F70A959BF75}"
EndProject
Project("{FAE04EC0-301F-11D3-BF4B-00C04F79EFBC}") = "Chirp.Web", "src\Chirp.Web\Chirp.Web.csproj", "{C63F1052-B74B-4150-A97B-1035225E1015}"
EndProject
Project("{FAE04EC0-301F-11D3-BF4B-00C04F79EFBC}") = "Chirp.Test", "test\Chirp.Test\Chirp.Test.csproj", "{67FF4EBF-E1A6-4288-A00C-79FF15CBD22C}"
EndProject
Global
	GlobalSection(SolutionConfigurationPlatforms) = preSolution
		Debug|Any CPU = Debug|Any CPU
		Release|Any CPU = Release|Any CPU
	EndGlobalSection
	GlobalSection(SolutionProperties) = preSolution
		HideSolutionNode = FALSE
	EndGlobalSection
	GlobalSection(ProjectConfigurationPlatforms) = postSolution
		{C63F1052-B74B-4150-A97B-1035225E1015}.Debug|Any CPU.ActiveCfg = Debug|Any CPU
		{C63F1052-B74B-4150-A97B-1035225E1015}.Debug|Any CPU.Build.0 = Debug|Any CPU
		{C63F1052-B74B-4150-A97B-1035225E1015}.Release|Any CPU.ActiveCfg = Release|Any CPU
		{C63F1052-B74B-4150-A97B-1035225E1015}.Release|Any CPU.Build.0 = Release|Any CPU
		{67FF4EBF-E1A6-4288-A00C-79FF15CBD22C}.Debug|Any CPU.ActiveCfg = Debug|Any CPU
		{67FF4EBF-E1A6-4288-A00C-79FF15CBD22C}.Debug|Any CPU.Build.0 = Debug|Any CPU
		{67FF4EBF-E1A6-4288-A00C-79FF15CBD22C}.Release|Any CPU.ActiveCfg = Release|Any CPU
		{67FF4EBF-E1A6-4288-A00C-79FF15CBD22C}.Release|Any CPU.Build.0 = Release|Any CPU
	EndGlobalSection
	GlobalSection(NestedProjects) = preSolution
		{C63F1052-B74B-4150-A97B-1035225E1015} = {430C3F51-F7D9-4677-9994-BA6EABAA6C38}
		{67FF4EBF-E1A6-4288-A00C-79FF15CBD22C} = {7420877A-8C4F-48A4-87A6-9F70A959BF75}
	EndGlobalSection
EndGlobal
