Microsoft Visual Studio Solution File, Format Version 12.00
# Visual Studio Version 17
VisualStudioVersion = 17.0.31903.59
MinimumVisualStudioVersion = 10.0.40219.1
Project("{2150E333-8FDC-42A3-9474-1A3956D46DE8}") = "src", "src", "{430C3F51-F7D9-4677-9994-BA6EABAA6C38}"
EndProject
Project("{2150E333-8FDC-42A3-9474-1A3956D46DE8}") = "test", "test", "{7420877A-8C4F-48A4-87A6-9F70A959BF75}"
EndProject
Project("{FAE04EC0-301F-11D3-BF4B-00C04F79EFBC}") = "Chirp.Web", "src\Chirp.Web\Chirp.Web.csproj", "{C63F1052-B74B-4150-A97B-1035225E1015}"
EndProject
Project("{FAE04EC0-301F-11D3-BF4B-00C04F79EFBC}") = "Chirp.Core", "src\Chirp.Core\Chirp.Core.csproj", "{F66427B8-AE38-4763-8863-8660DE41D9F1}"
EndProject
Project("{FAE04EC0-301F-11D3-BF4B-00C04F79EFBC}") = "Chirp.Infrastructure", "src\Chirp.Infrastructure\Chirp.Infrastructure.csproj", "{2FDE2105-C109-44F4-AD5C-CA2F7FE24961}"
EndProject
Project("{FAE04EC0-301F-11D3-BF4B-00C04F79EFBC}") = "Chirp.TestE2E", "test\Chirp.TestE2E\Chirp.TestE2E.csproj", "{A8CDB8AC-05A1-45B5-9DA5-5D61855F7CDE}"
EndProject
Project("{FAE04EC0-301F-11D3-BF4B-00C04F79EFBC}") = "Chirp.TestIntegration", "test\Chirp.TestIntegration\Chirp.TestIntegration.csproj", "{F2D8679A-5324-4226-8A86-1F8922B34EB9}"
EndProject
Project("{FAE04EC0-301F-11D3-BF4B-00C04F79EFBC}") = "Chirp.TestUnit", "test\Chirp.TestUnit\Chirp.TestUnit.csproj", "{46F9DCA6-C4B2-4663-8938-04ECF7F415DB}"
EndProject
Global
	GlobalSection(SolutionConfigurationPlatforms) = preSolution
		Debug|Any CPU = Debug|Any CPU
		Release|Any CPU = Release|Any CPU
	EndGlobalSection
	GlobalSection(SolutionProperties) = preSolution
		HideSolutionNode = FALSE
	EndGlobalSection
	GlobalSection(ProjectConfigurationPlatforms) = postSolution
		{C63F1052-B74B-4150-A97B-1035225E1015}.Debug|Any CPU.ActiveCfg = Debug|Any CPU
		{C63F1052-B74B-4150-A97B-1035225E1015}.Debug|Any CPU.Build.0 = Debug|Any CPU
		{C63F1052-B74B-4150-A97B-1035225E1015}.Release|Any CPU.ActiveCfg = Release|Any CPU
		{C63F1052-B74B-4150-A97B-1035225E1015}.Release|Any CPU.Build.0 = Release|Any CPU
		{F66427B8-AE38-4763-8863-8660DE41D9F1}.Debug|Any CPU.ActiveCfg = Debug|Any CPU
		{F66427B8-AE38-4763-8863-8660DE41D9F1}.Debug|Any CPU.Build.0 = Debug|Any CPU
		{F66427B8-AE38-4763-8863-8660DE41D9F1}.Release|Any CPU.ActiveCfg = Release|Any CPU
		{F66427B8-AE38-4763-8863-8660DE41D9F1}.Release|Any CPU.Build.0 = Release|Any CPU
		{2FDE2105-C109-44F4-AD5C-CA2F7FE24961}.Debug|Any CPU.ActiveCfg = Debug|Any CPU
		{2FDE2105-C109-44F4-AD5C-CA2F7FE24961}.Debug|Any CPU.Build.0 = Debug|Any CPU
		{2FDE2105-C109-44F4-AD5C-CA2F7FE24961}.Release|Any CPU.ActiveCfg = Release|Any CPU
		{2FDE2105-C109-44F4-AD5C-CA2F7FE24961}.Release|Any CPU.Build.0 = Release|Any CPU
		{2F6A21D6-4A79-4A28-85E9-410BC9409DF1}.Debug|Any CPU.ActiveCfg = Debug|Any CPU
		{2F6A21D6-4A79-4A28-85E9-410BC9409DF1}.Debug|Any CPU.Build.0 = Debug|Any CPU
		{2F6A21D6-4A79-4A28-85E9-410BC9409DF1}.Release|Any CPU.ActiveCfg = Release|Any CPU
		{2F6A21D6-4A79-4A28-85E9-410BC9409DF1}.Release|Any CPU.Build.0 = Release|Any CPU
		{A8CDB8AC-05A1-45B5-9DA5-5D61855F7CDE}.Debug|Any CPU.ActiveCfg = Debug|Any CPU
		{A8CDB8AC-05A1-45B5-9DA5-5D61855F7CDE}.Debug|Any CPU.Build.0 = Debug|Any CPU
		{A8CDB8AC-05A1-45B5-9DA5-5D61855F7CDE}.Release|Any CPU.ActiveCfg = Release|Any CPU
		{A8CDB8AC-05A1-45B5-9DA5-5D61855F7CDE}.Release|Any CPU.Build.0 = Release|Any CPU
		{F2D8679A-5324-4226-8A86-1F8922B34EB9}.Debug|Any CPU.ActiveCfg = Debug|Any CPU
		{F2D8679A-5324-4226-8A86-1F8922B34EB9}.Debug|Any CPU.Build.0 = Debug|Any CPU
		{F2D8679A-5324-4226-8A86-1F8922B34EB9}.Release|Any CPU.ActiveCfg = Release|Any CPU
		{F2D8679A-5324-4226-8A86-1F8922B34EB9}.Release|Any CPU.Build.0 = Release|Any CPU
		{46F9DCA6-C4B2-4663-8938-04ECF7F415DB}.Debug|Any CPU.ActiveCfg = Debug|Any CPU
		{46F9DCA6-C4B2-4663-8938-04ECF7F415DB}.Debug|Any CPU.Build.0 = Debug|Any CPU
		{46F9DCA6-C4B2-4663-8938-04ECF7F415DB}.Release|Any CPU.ActiveCfg = Release|Any CPU
		{46F9DCA6-C4B2-4663-8938-04ECF7F415DB}.Release|Any CPU.Build.0 = Release|Any CPU
	EndGlobalSection
	GlobalSection(NestedProjects) = preSolution
		{C63F1052-B74B-4150-A97B-1035225E1015} = {430C3F51-F7D9-4677-9994-BA6EABAA6C38}
		{F66427B8-AE38-4763-8863-8660DE41D9F1} = {430C3F51-F7D9-4677-9994-BA6EABAA6C38}
		{2FDE2105-C109-44F4-AD5C-CA2F7FE24961} = {430C3F51-F7D9-4677-9994-BA6EABAA6C38}
		{2F6A21D6-4A79-4A28-85E9-410BC9409DF1} = {7420877A-8C4F-48A4-87A6-9F70A959BF75}
		{A8CDB8AC-05A1-45B5-9DA5-5D61855F7CDE} = {7420877A-8C4F-48A4-87A6-9F70A959BF75}
		{F2D8679A-5324-4226-8A86-1F8922B34EB9} = {7420877A-8C4F-48A4-87A6-9F70A959BF75}
		{46F9DCA6-C4B2-4663-8938-04ECF7F415DB} = {7420877A-8C4F-48A4-87A6-9F70A959BF75}
	EndGlobalSection
EndGlobal
