
Microsoft Visual Studio Solution File, Format Version 12.00
# Visual Studio Version 17
VisualStudioVersion = 17.5.002.0
MinimumVisualStudioVersion = 10.0.40219.1
Project("{9A19103F-16F7-4668-BE54-9A1E7A4F7556}") = "Chirp.CLI", "Chirp.CLI.csproj", "{23ED7FFA-26F6-460A-ADAC-0CAE459E7D3A}"
EndProject
Project("{9A19103F-16F7-4668-BE54-9A1E7A4F7556}") = "SimpleDB", "SimpleDB\SimpleDB.csproj", "{8197B44A-BF65-4768-BC9E-BCFD4C499167}"
EndProject
Global
	GlobalSection(SolutionConfigurationPlatforms) = preSolution
		Debug|Any CPU = Debug|Any CPU
		Release|Any CPU = Release|Any CPU
	EndGlobalSection
	GlobalSection(ProjectConfigurationPlatforms) = postSolution
		{23ED7FFA-26F6-460A-ADAC-0CAE459E7D3A}.Debug|Any CPU.ActiveCfg = Debug|Any CPU
		{23ED7FFA-26F6-460A-ADAC-0CAE459E7D3A}.Debug|Any CPU.Build.0 = Debug|Any CPU
		{23ED7FFA-26F6-460A-ADAC-0CAE459E7D3A}.Release|Any CPU.ActiveCfg = Release|Any CPU
		{23ED7FFA-26F6-460A-ADAC-0CAE459E7D3A}.Release|Any CPU.Build.0 = Release|Any CPU
		{8197B44A-BF65-4768-BC9E-BCFD4C499167}.Debug|Any CPU.ActiveCfg = Debug|Any CPU
		{8197B44A-BF65-4768-BC9E-BCFD4C499167}.Debug|Any CPU.Build.0 = Debug|Any CPU
		{8197B44A-BF65-4768-BC9E-BCFD4C499167}.Release|Any CPU.ActiveCfg = Release|Any CPU
		{8197B44A-BF65-4768-BC9E-BCFD4C499167}.Release|Any CPU.Build.0 = Release|Any CPU
	EndGlobalSection
	GlobalSection(SolutionProperties) = preSolution
		HideSolutionNode = FALSE
	EndGlobalSection
	GlobalSection(ExtensibilityGlobals) = postSolution
		SolutionGuid = {8FD28A52-4B4F-4624-8351-5D9CB465B265}
	EndGlobalSection
EndGlobal
